
Microsoft Visual Studio Solution File, Format Version 12.00
# Visual Studio 15
VisualStudioVersion = 15.0.27703.2026
MinimumVisualStudioVersion = 10.0.40219.1
Project("{FAE04EC0-301F-11D3-BF4B-00C04F79EFBC}") = "TsubakiBACr604_18", "TsubakiBACr604_18\TsubakiBACr604_18.csproj", "{97BD3EFE-7FC0-40E0-A1B2-29A1824CCDF3}"
EndProject
Global
	GlobalSection(SolutionConfigurationPlatforms) = preSolution
		Debug|Any CPU = Debug|Any CPU
		Release|Any CPU = Release|Any CPU
	EndGlobalSection
	GlobalSection(ProjectConfigurationPlatforms) = postSolution
		{97BD3EFE-7FC0-40E0-A1B2-29A1824CCDF3}.Debug|Any CPU.ActiveCfg = Debug|Any CPU
		{97BD3EFE-7FC0-40E0-A1B2-29A1824CCDF3}.Debug|Any CPU.Build.0 = Debug|Any CPU
		{97BD3EFE-7FC0-40E0-A1B2-29A1824CCDF3}.Release|Any CPU.ActiveCfg = Release|Any CPU
		{97BD3EFE-7FC0-40E0-A1B2-29A1824CCDF3}.Release|Any CPU.Build.0 = Release|Any CPU
	EndGlobalSection
	GlobalSection(SolutionProperties) = preSolution
		HideSolutionNode = FALSE
	EndGlobalSection
	GlobalSection(ExtensibilityGlobals) = postSolution
		SolutionGuid = {7A0242DE-37D8-454C-9BF3-9737034CB62A}
	EndGlobalSection
EndGlobal
